
Microsoft Visual Studio Solution File, Format Version 12.00
# Visual Studio 15
VisualStudioVersion = 15.0.26430.6
MinimumVisualStudioVersion = 10.0.40219.1
Project("{FAE04EC0-301F-11D3-BF4B-00C04F79EFBC}") = "Scrapheap", "Scrapheap\Scrapheap.csproj", "{DD760DDB-9FFD-4B87-A427-97D244810BD6}"
EndProject
Project("{FAE04EC0-301F-11D3-BF4B-00C04F79EFBC}") = "Scrapheap.Tests", "Scrapheap.Tests\Scrapheap.Tests.csproj", "{2569DAEC-F7CF-4D98-B96B-DD069BDC5795}"
EndProject
Project("{FAE04EC0-301F-11D3-BF4B-00C04F79EFBC}") = "Scorm", "Scorm\Scorm.csproj", "{4A3A3A21-F623-478E-AC3E-90D5F7F0EC01}"
EndProject
Project("{FAE04EC0-301F-11D3-BF4B-00C04F79EFBC}") = "Scorm.Tests", "Scorm.Tests\Scorm.Tests.csproj", "{BE6261D8-F2D6-4A7E-A173-CB4CC1E3436F}"
EndProject
Project("{FAE04EC0-301F-11D3-BF4B-00C04F79EFBC}") = "Sudoku.Core", "Sudoku.Core\Sudoku.Core.csproj", "{58713A4E-574D-46F9-AF04-EDE76A21F46E}"
EndProject
Project("{FAE04EC0-301F-11D3-BF4B-00C04F79EFBC}") = "Sudoku.Core.Tests", "Sudoku.Core.Tests\Sudoku.Core.Tests.csproj", "{94410A3B-EF69-45EF-8F81-33439A027A19}"
EndProject
Project("{FAE04EC0-301F-11D3-BF4B-00C04F79EFBC}") = "Testing.Tests", "Testing.Tests\Testing.Tests.csproj", "{B281803C-C9B3-4CFF-A2C4-457FF5C9269C}"
EndProject
Project("{FAE04EC0-301F-11D3-BF4B-00C04F79EFBC}") = "Testing", "Testing\Testing.csproj", "{75AF5AEF-DF55-4D62-AC69-724B44EE44EC}"
EndProject
Project("{FAE04EC0-301F-11D3-BF4B-00C04F79EFBC}") = "Math", "Math\Math.csproj", "{3670D97B-DE23-45DA-8872-A668E3265727}"
EndProject
Project("{FAE04EC0-301F-11D3-BF4B-00C04F79EFBC}") = "Math.Tests", "Math.Tests\Math.Tests.csproj", "{7E558445-ECC9-4CCF-95F0-43C4EEE010C0}"
EndProject
Global
	GlobalSection(SolutionConfigurationPlatforms) = preSolution
		Debug|Any CPU = Debug|Any CPU
		Debug|ARM = Debug|ARM
		Debug|x64 = Debug|x64
		Debug|x86 = Debug|x86
		Release|Any CPU = Release|Any CPU
		Release|ARM = Release|ARM
		Release|x64 = Release|x64
		Release|x86 = Release|x86
	EndGlobalSection
	GlobalSection(ProjectConfigurationPlatforms) = postSolution
		{DD760DDB-9FFD-4B87-A427-97D244810BD6}.Debug|Any CPU.ActiveCfg = Debug|Any CPU
		{DD760DDB-9FFD-4B87-A427-97D244810BD6}.Debug|Any CPU.Build.0 = Debug|Any CPU
		{DD760DDB-9FFD-4B87-A427-97D244810BD6}.Debug|ARM.ActiveCfg = Debug|Any CPU
		{DD760DDB-9FFD-4B87-A427-97D244810BD6}.Debug|ARM.Build.0 = Debug|Any CPU
		{DD760DDB-9FFD-4B87-A427-97D244810BD6}.Debug|x64.ActiveCfg = Debug|Any CPU
		{DD760DDB-9FFD-4B87-A427-97D244810BD6}.Debug|x64.Build.0 = Debug|Any CPU
		{DD760DDB-9FFD-4B87-A427-97D244810BD6}.Debug|x86.ActiveCfg = Debug|Any CPU
		{DD760DDB-9FFD-4B87-A427-97D244810BD6}.Debug|x86.Build.0 = Debug|Any CPU
		{DD760DDB-9FFD-4B87-A427-97D244810BD6}.Release|Any CPU.ActiveCfg = Release|Any CPU
		{DD760DDB-9FFD-4B87-A427-97D244810BD6}.Release|Any CPU.Build.0 = Release|Any CPU
		{DD760DDB-9FFD-4B87-A427-97D244810BD6}.Release|ARM.ActiveCfg = Release|Any CPU
		{DD760DDB-9FFD-4B87-A427-97D244810BD6}.Release|ARM.Build.0 = Release|Any CPU
		{DD760DDB-9FFD-4B87-A427-97D244810BD6}.Release|x64.ActiveCfg = Release|Any CPU
		{DD760DDB-9FFD-4B87-A427-97D244810BD6}.Release|x64.Build.0 = Release|Any CPU
		{DD760DDB-9FFD-4B87-A427-97D244810BD6}.Release|x86.ActiveCfg = Release|Any CPU
		{DD760DDB-9FFD-4B87-A427-97D244810BD6}.Release|x86.Build.0 = Release|Any CPU
		{2569DAEC-F7CF-4D98-B96B-DD069BDC5795}.Debug|Any CPU.ActiveCfg = Debug|Any CPU
		{2569DAEC-F7CF-4D98-B96B-DD069BDC5795}.Debug|Any CPU.Build.0 = Debug|Any CPU
		{2569DAEC-F7CF-4D98-B96B-DD069BDC5795}.Debug|ARM.ActiveCfg = Debug|Any CPU
		{2569DAEC-F7CF-4D98-B96B-DD069BDC5795}.Debug|ARM.Build.0 = Debug|Any CPU
		{2569DAEC-F7CF-4D98-B96B-DD069BDC5795}.Debug|x64.ActiveCfg = Debug|Any CPU
		{2569DAEC-F7CF-4D98-B96B-DD069BDC5795}.Debug|x64.Build.0 = Debug|Any CPU
		{2569DAEC-F7CF-4D98-B96B-DD069BDC5795}.Debug|x86.ActiveCfg = Debug|Any CPU
		{2569DAEC-F7CF-4D98-B96B-DD069BDC5795}.Debug|x86.Build.0 = Debug|Any CPU
		{2569DAEC-F7CF-4D98-B96B-DD069BDC5795}.Release|Any CPU.ActiveCfg = Release|Any CPU
		{2569DAEC-F7CF-4D98-B96B-DD069BDC5795}.Release|Any CPU.Build.0 = Release|Any CPU
		{2569DAEC-F7CF-4D98-B96B-DD069BDC5795}.Release|ARM.ActiveCfg = Release|Any CPU
		{2569DAEC-F7CF-4D98-B96B-DD069BDC5795}.Release|ARM.Build.0 = Release|Any CPU
		{2569DAEC-F7CF-4D98-B96B-DD069BDC5795}.Release|x64.ActiveCfg = Release|Any CPU
		{2569DAEC-F7CF-4D98-B96B-DD069BDC5795}.Release|x64.Build.0 = Release|Any CPU
		{2569DAEC-F7CF-4D98-B96B-DD069BDC5795}.Release|x86.ActiveCfg = Release|Any CPU
		{2569DAEC-F7CF-4D98-B96B-DD069BDC5795}.Release|x86.Build.0 = Release|Any CPU
		{4A3A3A21-F623-478E-AC3E-90D5F7F0EC01}.Debug|Any CPU.ActiveCfg = Debug|Any CPU
		{4A3A3A21-F623-478E-AC3E-90D5F7F0EC01}.Debug|Any CPU.Build.0 = Debug|Any CPU
		{4A3A3A21-F623-478E-AC3E-90D5F7F0EC01}.Debug|ARM.ActiveCfg = Debug|Any CPU
		{4A3A3A21-F623-478E-AC3E-90D5F7F0EC01}.Debug|ARM.Build.0 = Debug|Any CPU
		{4A3A3A21-F623-478E-AC3E-90D5F7F0EC01}.Debug|x64.ActiveCfg = Debug|Any CPU
		{4A3A3A21-F623-478E-AC3E-90D5F7F0EC01}.Debug|x64.Build.0 = Debug|Any CPU
		{4A3A3A21-F623-478E-AC3E-90D5F7F0EC01}.Debug|x86.ActiveCfg = Debug|Any CPU
		{4A3A3A21-F623-478E-AC3E-90D5F7F0EC01}.Debug|x86.Build.0 = Debug|Any CPU
		{4A3A3A21-F623-478E-AC3E-90D5F7F0EC01}.Release|Any CPU.ActiveCfg = Release|Any CPU
		{4A3A3A21-F623-478E-AC3E-90D5F7F0EC01}.Release|Any CPU.Build.0 = Release|Any CPU
		{4A3A3A21-F623-478E-AC3E-90D5F7F0EC01}.Release|ARM.ActiveCfg = Release|Any CPU
		{4A3A3A21-F623-478E-AC3E-90D5F7F0EC01}.Release|ARM.Build.0 = Release|Any CPU
		{4A3A3A21-F623-478E-AC3E-90D5F7F0EC01}.Release|x64.ActiveCfg = Release|Any CPU
		{4A3A3A21-F623-478E-AC3E-90D5F7F0EC01}.Release|x64.Build.0 = Release|Any CPU
		{4A3A3A21-F623-478E-AC3E-90D5F7F0EC01}.Release|x86.ActiveCfg = Release|Any CPU
		{4A3A3A21-F623-478E-AC3E-90D5F7F0EC01}.Release|x86.Build.0 = Release|Any CPU
		{BE6261D8-F2D6-4A7E-A173-CB4CC1E3436F}.Debug|Any CPU.ActiveCfg = Debug|Any CPU
		{BE6261D8-F2D6-4A7E-A173-CB4CC1E3436F}.Debug|Any CPU.Build.0 = Debug|Any CPU
		{BE6261D8-F2D6-4A7E-A173-CB4CC1E3436F}.Debug|ARM.ActiveCfg = Debug|Any CPU
		{BE6261D8-F2D6-4A7E-A173-CB4CC1E3436F}.Debug|ARM.Build.0 = Debug|Any CPU
		{BE6261D8-F2D6-4A7E-A173-CB4CC1E3436F}.Debug|x64.ActiveCfg = Debug|Any CPU
		{BE6261D8-F2D6-4A7E-A173-CB4CC1E3436F}.Debug|x64.Build.0 = Debug|Any CPU
		{BE6261D8-F2D6-4A7E-A173-CB4CC1E3436F}.Debug|x86.ActiveCfg = Debug|Any CPU
		{BE6261D8-F2D6-4A7E-A173-CB4CC1E3436F}.Debug|x86.Build.0 = Debug|Any CPU
		{BE6261D8-F2D6-4A7E-A173-CB4CC1E3436F}.Release|Any CPU.ActiveCfg = Release|Any CPU
		{BE6261D8-F2D6-4A7E-A173-CB4CC1E3436F}.Release|Any CPU.Build.0 = Release|Any CPU
		{BE6261D8-F2D6-4A7E-A173-CB4CC1E3436F}.Release|ARM.ActiveCfg = Release|Any CPU
		{BE6261D8-F2D6-4A7E-A173-CB4CC1E3436F}.Release|ARM.Build.0 = Release|Any CPU
		{BE6261D8-F2D6-4A7E-A173-CB4CC1E3436F}.Release|x64.ActiveCfg = Release|Any CPU
		{BE6261D8-F2D6-4A7E-A173-CB4CC1E3436F}.Release|x64.Build.0 = Release|Any CPU
		{BE6261D8-F2D6-4A7E-A173-CB4CC1E3436F}.Release|x86.ActiveCfg = Release|Any CPU
		{BE6261D8-F2D6-4A7E-A173-CB4CC1E3436F}.Release|x86.Build.0 = Release|Any CPU
		{58713A4E-574D-46F9-AF04-EDE76A21F46E}.Debug|Any CPU.ActiveCfg = Debug|Any CPU
		{58713A4E-574D-46F9-AF04-EDE76A21F46E}.Debug|Any CPU.Build.0 = Debug|Any CPU
		{58713A4E-574D-46F9-AF04-EDE76A21F46E}.Debug|ARM.ActiveCfg = Debug|Any CPU
		{58713A4E-574D-46F9-AF04-EDE76A21F46E}.Debug|ARM.Build.0 = Debug|Any CPU
		{58713A4E-574D-46F9-AF04-EDE76A21F46E}.Debug|x64.ActiveCfg = Debug|Any CPU
		{58713A4E-574D-46F9-AF04-EDE76A21F46E}.Debug|x64.Build.0 = Debug|Any CPU
		{58713A4E-574D-46F9-AF04-EDE76A21F46E}.Debug|x86.ActiveCfg = Debug|Any CPU
		{58713A4E-574D-46F9-AF04-EDE76A21F46E}.Debug|x86.Build.0 = Debug|Any CPU
		{58713A4E-574D-46F9-AF04-EDE76A21F46E}.Release|Any CPU.ActiveCfg = Release|Any CPU
		{58713A4E-574D-46F9-AF04-EDE76A21F46E}.Release|Any CPU.Build.0 = Release|Any CPU
		{58713A4E-574D-46F9-AF04-EDE76A21F46E}.Release|ARM.ActiveCfg = Release|Any CPU
		{58713A4E-574D-46F9-AF04-EDE76A21F46E}.Release|ARM.Build.0 = Release|Any CPU
		{58713A4E-574D-46F9-AF04-EDE76A21F46E}.Release|x64.ActiveCfg = Release|Any CPU
		{58713A4E-574D-46F9-AF04-EDE76A21F46E}.Release|x64.Build.0 = Release|Any CPU
		{58713A4E-574D-46F9-AF04-EDE76A21F46E}.Release|x86.ActiveCfg = Release|Any CPU
		{58713A4E-574D-46F9-AF04-EDE76A21F46E}.Release|x86.Build.0 = Release|Any CPU
		{94410A3B-EF69-45EF-8F81-33439A027A19}.Debug|Any CPU.ActiveCfg = Debug|Any CPU
		{94410A3B-EF69-45EF-8F81-33439A027A19}.Debug|Any CPU.Build.0 = Debug|Any CPU
		{94410A3B-EF69-45EF-8F81-33439A027A19}.Debug|ARM.ActiveCfg = Debug|Any CPU
		{94410A3B-EF69-45EF-8F81-33439A027A19}.Debug|ARM.Build.0 = Debug|Any CPU
		{94410A3B-EF69-45EF-8F81-33439A027A19}.Debug|x64.ActiveCfg = Debug|Any CPU
		{94410A3B-EF69-45EF-8F81-33439A027A19}.Debug|x64.Build.0 = Debug|Any CPU
		{94410A3B-EF69-45EF-8F81-33439A027A19}.Debug|x86.ActiveCfg = Debug|Any CPU
		{94410A3B-EF69-45EF-8F81-33439A027A19}.Debug|x86.Build.0 = Debug|Any CPU
		{94410A3B-EF69-45EF-8F81-33439A027A19}.Release|Any CPU.ActiveCfg = Release|Any CPU
		{94410A3B-EF69-45EF-8F81-33439A027A19}.Release|Any CPU.Build.0 = Release|Any CPU
		{94410A3B-EF69-45EF-8F81-33439A027A19}.Release|ARM.ActiveCfg = Release|Any CPU
		{94410A3B-EF69-45EF-8F81-33439A027A19}.Release|ARM.Build.0 = Release|Any CPU
		{94410A3B-EF69-45EF-8F81-33439A027A19}.Release|x64.ActiveCfg = Release|Any CPU
		{94410A3B-EF69-45EF-8F81-33439A027A19}.Release|x64.Build.0 = Release|Any CPU
		{94410A3B-EF69-45EF-8F81-33439A027A19}.Release|x86.ActiveCfg = Release|Any CPU
		{94410A3B-EF69-45EF-8F81-33439A027A19}.Release|x86.Build.0 = Release|Any CPU
		{B281803C-C9B3-4CFF-A2C4-457FF5C9269C}.Debug|Any CPU.ActiveCfg = Debug|Any CPU
		{B281803C-C9B3-4CFF-A2C4-457FF5C9269C}.Debug|Any CPU.Build.0 = Debug|Any CPU
		{B281803C-C9B3-4CFF-A2C4-457FF5C9269C}.Debug|ARM.ActiveCfg = Debug|Any CPU
		{B281803C-C9B3-4CFF-A2C4-457FF5C9269C}.Debug|ARM.Build.0 = Debug|Any CPU
		{B281803C-C9B3-4CFF-A2C4-457FF5C9269C}.Debug|x64.ActiveCfg = Debug|Any CPU
		{B281803C-C9B3-4CFF-A2C4-457FF5C9269C}.Debug|x64.Build.0 = Debug|Any CPU
		{B281803C-C9B3-4CFF-A2C4-457FF5C9269C}.Debug|x86.ActiveCfg = Debug|Any CPU
		{B281803C-C9B3-4CFF-A2C4-457FF5C9269C}.Debug|x86.Build.0 = Debug|Any CPU
		{B281803C-C9B3-4CFF-A2C4-457FF5C9269C}.Release|Any CPU.ActiveCfg = Release|Any CPU
		{B281803C-C9B3-4CFF-A2C4-457FF5C9269C}.Release|Any CPU.Build.0 = Release|Any CPU
		{B281803C-C9B3-4CFF-A2C4-457FF5C9269C}.Release|ARM.ActiveCfg = Release|Any CPU
		{B281803C-C9B3-4CFF-A2C4-457FF5C9269C}.Release|ARM.Build.0 = Release|Any CPU
		{B281803C-C9B3-4CFF-A2C4-457FF5C9269C}.Release|x64.ActiveCfg = Release|Any CPU
		{B281803C-C9B3-4CFF-A2C4-457FF5C9269C}.Release|x64.Build.0 = Release|Any CPU
		{B281803C-C9B3-4CFF-A2C4-457FF5C9269C}.Release|x86.ActiveCfg = Release|Any CPU
		{B281803C-C9B3-4CFF-A2C4-457FF5C9269C}.Release|x86.Build.0 = Release|Any CPU
		{75AF5AEF-DF55-4D62-AC69-724B44EE44EC}.Debug|Any CPU.ActiveCfg = Debug|Any CPU
		{75AF5AEF-DF55-4D62-AC69-724B44EE44EC}.Debug|Any CPU.Build.0 = Debug|Any CPU
		{75AF5AEF-DF55-4D62-AC69-724B44EE44EC}.Debug|ARM.ActiveCfg = Debug|Any CPU
		{75AF5AEF-DF55-4D62-AC69-724B44EE44EC}.Debug|ARM.Build.0 = Debug|Any CPU
		{75AF5AEF-DF55-4D62-AC69-724B44EE44EC}.Debug|x64.ActiveCfg = Debug|Any CPU
		{75AF5AEF-DF55-4D62-AC69-724B44EE44EC}.Debug|x64.Build.0 = Debug|Any CPU
		{75AF5AEF-DF55-4D62-AC69-724B44EE44EC}.Debug|x86.ActiveCfg = Debug|Any CPU
		{75AF5AEF-DF55-4D62-AC69-724B44EE44EC}.Debug|x86.Build.0 = Debug|Any CPU
		{75AF5AEF-DF55-4D62-AC69-724B44EE44EC}.Release|Any CPU.ActiveCfg = Release|Any CPU
		{75AF5AEF-DF55-4D62-AC69-724B44EE44EC}.Release|Any CPU.Build.0 = Release|Any CPU
		{75AF5AEF-DF55-4D62-AC69-724B44EE44EC}.Release|ARM.ActiveCfg = Release|Any CPU
		{75AF5AEF-DF55-4D62-AC69-724B44EE44EC}.Release|ARM.Build.0 = Release|Any CPU
		{75AF5AEF-DF55-4D62-AC69-724B44EE44EC}.Release|x64.ActiveCfg = Release|Any CPU
		{75AF5AEF-DF55-4D62-AC69-724B44EE44EC}.Release|x64.Build.0 = Release|Any CPU
		{75AF5AEF-DF55-4D62-AC69-724B44EE44EC}.Release|x86.ActiveCfg = Release|Any CPU
		{75AF5AEF-DF55-4D62-AC69-724B44EE44EC}.Release|x86.Build.0 = Release|Any CPU
		{3670D97B-DE23-45DA-8872-A668E3265727}.Debug|Any CPU.ActiveCfg = Debug|Any CPU
		{3670D97B-DE23-45DA-8872-A668E3265727}.Debug|Any CPU.Build.0 = Debug|Any CPU
		{3670D97B-DE23-45DA-8872-A668E3265727}.Debug|ARM.ActiveCfg = Debug|Any CPU
		{3670D97B-DE23-45DA-8872-A668E3265727}.Debug|ARM.Build.0 = Debug|Any CPU
		{3670D97B-DE23-45DA-8872-A668E3265727}.Debug|x64.ActiveCfg = Debug|Any CPU
		{3670D97B-DE23-45DA-8872-A668E3265727}.Debug|x64.Build.0 = Debug|Any CPU
		{3670D97B-DE23-45DA-8872-A668E3265727}.Debug|x86.ActiveCfg = Debug|Any CPU
		{3670D97B-DE23-45DA-8872-A668E3265727}.Debug|x86.Build.0 = Debug|Any CPU
		{3670D97B-DE23-45DA-8872-A668E3265727}.Release|Any CPU.ActiveCfg = Release|Any CPU
		{3670D97B-DE23-45DA-8872-A668E3265727}.Release|Any CPU.Build.0 = Release|Any CPU
		{3670D97B-DE23-45DA-8872-A668E3265727}.Release|ARM.ActiveCfg = Release|Any CPU
		{3670D97B-DE23-45DA-8872-A668E3265727}.Release|ARM.Build.0 = Release|Any CPU
		{3670D97B-DE23-45DA-8872-A668E3265727}.Release|x64.ActiveCfg = Release|Any CPU
		{3670D97B-DE23-45DA-8872-A668E3265727}.Release|x64.Build.0 = Release|Any CPU
		{3670D97B-DE23-45DA-8872-A668E3265727}.Release|x86.ActiveCfg = Release|Any CPU
		{3670D97B-DE23-45DA-8872-A668E3265727}.Release|x86.Build.0 = Release|Any CPU
		{7E558445-ECC9-4CCF-95F0-43C4EEE010C0}.Debug|Any CPU.ActiveCfg = Debug|Any CPU
		{7E558445-ECC9-4CCF-95F0-43C4EEE010C0}.Debug|Any CPU.Build.0 = Debug|Any CPU
		{7E558445-ECC9-4CCF-95F0-43C4EEE010C0}.Debug|ARM.ActiveCfg = Debug|Any CPU
		{7E558445-ECC9-4CCF-95F0-43C4EEE010C0}.Debug|ARM.Build.0 = Debug|Any CPU
		{7E558445-ECC9-4CCF-95F0-43C4EEE010C0}.Debug|x64.ActiveCfg = Debug|Any CPU
		{7E558445-ECC9-4CCF-95F0-43C4EEE010C0}.Debug|x64.Build.0 = Debug|Any CPU
		{7E558445-ECC9-4CCF-95F0-43C4EEE010C0}.Debug|x86.ActiveCfg = Debug|Any CPU
		{7E558445-ECC9-4CCF-95F0-43C4EEE010C0}.Debug|x86.Build.0 = Debug|Any CPU
		{7E558445-ECC9-4CCF-95F0-43C4EEE010C0}.Release|Any CPU.ActiveCfg = Release|Any CPU
		{7E558445-ECC9-4CCF-95F0-43C4EEE010C0}.Release|Any CPU.Build.0 = Release|Any CPU
		{7E558445-ECC9-4CCF-95F0-43C4EEE010C0}.Release|ARM.ActiveCfg = Release|Any CPU
		{7E558445-ECC9-4CCF-95F0-43C4EEE010C0}.Release|ARM.Build.0 = Release|Any CPU
		{7E558445-ECC9-4CCF-95F0-43C4EEE010C0}.Release|x64.ActiveCfg = Release|Any CPU
		{7E558445-ECC9-4CCF-95F0-43C4EEE010C0}.Release|x64.Build.0 = Release|Any CPU
		{7E558445-ECC9-4CCF-95F0-43C4EEE010C0}.Release|x86.ActiveCfg = Release|Any CPU
		{7E558445-ECC9-4CCF-95F0-43C4EEE010C0}.Release|x86.Build.0 = Release|Any CPU
	EndGlobalSection
	GlobalSection(SolutionProperties) = preSolution
		HideSolutionNode = FALSE
	EndGlobalSection
	GlobalSection(ExtensibilityGlobals) = postSolution
		SolutionGuid = {21C2FD96-939B-4C97-A2D9-8D80E981937D}
	EndGlobalSection
EndGlobal
